{
  "name": "vuetify-dialog-helper",
  "version": "0.0.1",
  "lockfileVersion": 1,
  "requires": true,
  "dependencies": {
    "vue": {
      "version": "2.5.16",
      "resolved": "https://registry.npmjs.org/vue/-/vue-2.5.16.tgz",
      "integrity": "sha512-/ffmsiVuPC8PsWcFkZngdpas19ABm5mh2wA7iDqcltyCTwlgZjHGeJYOXkBMo422iPwIcviOtrTCUpSfXmToLQ=="
    },
    "vuetify": {
      "version": "1.0.17",
      "resolved": "https://registry.npmjs.org/vuetify/-/vuetify-1.0.17.tgz",
      "integrity": "sha512-Tlvb/9mCQEpUJvq2Y7VyXqoxpl+Of93DRwQKlvrvLCYp6wxLqUgMN08poXR6wJt7c+uSFK2BPhXzggnms3Gz8w=="
    }
  }
}
